
Microsoft Visual Studio Solution File, Format Version 12.00
# Visual Studio 14
VisualStudioVersion = 14.0.25420.1
MinimumVisualStudioVersion = 10.0.40219.1
Project("{FAE04EC0-301F-11D3-BF4B-00C04F79EFBC}") = "EdimarCM_Aplicada_1_P2", "EdimarCM_Aplicada_1_P2\EdimarCM_Aplicada_1_P2.csproj", "{1E1730C6-635B-4420-AD6C-DB378F1887BF}"
EndProject
Project("{FAE04EC0-301F-11D3-BF4B-00C04F79EFBC}") = "Entidades", "Entidades\Entidades.csproj", "{6F2C70F7-A7A9-4F29-9798-050409BBD06A}"
EndProject
Project("{FAE04EC0-301F-11D3-BF4B-00C04F79EFBC}") = "DAL", "DAL\DAL.csproj", "{3BED92DB-609A-4CCA-BBE0-5190CF45ADE7}"
EndProject
Project("{FAE04EC0-301F-11D3-BF4B-00C04F79EFBC}") = "BLL", "BLL\BLL.csproj", "{89470EF8-C5F0-45C5-B75E-722E2839344C}"
EndProject
Global
	GlobalSection(SolutionConfigurationPlatforms) = preSolution
		Debug|Any CPU = Debug|Any CPU
		Release|Any CPU = Release|Any CPU
	EndGlobalSection
	GlobalSection(ProjectConfigurationPlatforms) = postSolution
		{1E1730C6-635B-4420-AD6C-DB378F1887BF}.Debug|Any CPU.ActiveCfg = Debug|Any CPU
		{1E1730C6-635B-4420-AD6C-DB378F1887BF}.Debug|Any CPU.Build.0 = Debug|Any CPU
		{1E1730C6-635B-4420-AD6C-DB378F1887BF}.Release|Any CPU.ActiveCfg = Release|Any CPU
		{1E1730C6-635B-4420-AD6C-DB378F1887BF}.Release|Any CPU.Build.0 = Release|Any CPU
		{6F2C70F7-A7A9-4F29-9798-050409BBD06A}.Debug|Any CPU.ActiveCfg = Debug|Any CPU
		{6F2C70F7-A7A9-4F29-9798-050409BBD06A}.Debug|Any CPU.Build.0 = Debug|Any CPU
		{6F2C70F7-A7A9-4F29-9798-050409BBD06A}.Release|Any CPU.ActiveCfg = Release|Any CPU
		{6F2C70F7-A7A9-4F29-9798-050409BBD06A}.Release|Any CPU.Build.0 = Release|Any CPU
		{3BED92DB-609A-4CCA-BBE0-5190CF45ADE7}.Debug|Any CPU.ActiveCfg = Debug|Any CPU
		{3BED92DB-609A-4CCA-BBE0-5190CF45ADE7}.Debug|Any CPU.Build.0 = Debug|Any CPU
		{3BED92DB-609A-4CCA-BBE0-5190CF45ADE7}.Release|Any CPU.ActiveCfg = Release|Any CPU
		{3BED92DB-609A-4CCA-BBE0-5190CF45ADE7}.Release|Any CPU.Build.0 = Release|Any CPU
		{89470EF8-C5F0-45C5-B75E-722E2839344C}.Debug|Any CPU.ActiveCfg = Debug|Any CPU
		{89470EF8-C5F0-45C5-B75E-722E2839344C}.Debug|Any CPU.Build.0 = Debug|Any CPU
		{89470EF8-C5F0-45C5-B75E-722E2839344C}.Release|Any CPU.ActiveCfg = Release|Any CPU
		{89470EF8-C5F0-45C5-B75E-722E2839344C}.Release|Any CPU.Build.0 = Release|Any CPU
	EndGlobalSection
	GlobalSection(SolutionProperties) = preSolution
		HideSolutionNode = FALSE
	EndGlobalSection
EndGlobal
